
Microsoft Visual Studio Solution File, Format Version 12.00
# Visual Studio Version 17
VisualStudioVersion = 17.6.33723.286
MinimumVisualStudioVersion = 10.0.40219.1
Project("{FAE04EC0-301F-11D3-BF4B-00C04F79EFBC}") = "03.08.2023 Part2", "03.08.2023 Part2\03.08.2023 Part2.csproj", "{0ABDB485-E48F-41B8-B796-A2F31F8529B0}"
EndProject
Global
	GlobalSection(SolutionConfigurationPlatforms) = preSolution
		Debug|Any CPU = Debug|Any CPU
		Release|Any CPU = Release|Any CPU
	EndGlobalSection
	GlobalSection(ProjectConfigurationPlatforms) = postSolution
		{0ABDB485-E48F-41B8-B796-A2F31F8529B0}.Debug|Any CPU.ActiveCfg = Debug|Any CPU
		{0ABDB485-E48F-41B8-B796-A2F31F8529B0}.Debug|Any CPU.Build.0 = Debug|Any CPU
		{0ABDB485-E48F-41B8-B796-A2F31F8529B0}.Release|Any CPU.ActiveCfg = Release|Any CPU
		{0ABDB485-E48F-41B8-B796-A2F31F8529B0}.Release|Any CPU.Build.0 = Release|Any CPU
	EndGlobalSection
	GlobalSection(SolutionProperties) = preSolution
		HideSolutionNode = FALSE
	EndGlobalSection
	GlobalSection(ExtensibilityGlobals) = postSolution
		SolutionGuid = {F20ED6B0-BF94-4854-B706-B2DFF95AFD8E}
	EndGlobalSection
EndGlobal
