
Microsoft Visual Studio Solution File, Format Version 12.00
# Visual Studio Version 17
VisualStudioVersion = 17.6.33723.286
MinimumVisualStudioVersion = 10.0.40219.1
Project("{FAE04EC0-301F-11D3-BF4B-00C04F79EFBC}") = "05.09.2023 Part2", "05.09.2023 Part2\05.09.2023 Part2.csproj", "{0620B9A8-6542-48AA-968E-6A24E29DB38F}"
EndProject
Global
	GlobalSection(SolutionConfigurationPlatforms) = preSolution
		Debug|Any CPU = Debug|Any CPU
		Release|Any CPU = Release|Any CPU
	EndGlobalSection
	GlobalSection(ProjectConfigurationPlatforms) = postSolution
		{0620B9A8-6542-48AA-968E-6A24E29DB38F}.Debug|Any CPU.ActiveCfg = Debug|Any CPU
		{0620B9A8-6542-48AA-968E-6A24E29DB38F}.Debug|Any CPU.Build.0 = Debug|Any CPU
		{0620B9A8-6542-48AA-968E-6A24E29DB38F}.Release|Any CPU.ActiveCfg = Release|Any CPU
		{0620B9A8-6542-48AA-968E-6A24E29DB38F}.Release|Any CPU.Build.0 = Release|Any CPU
	EndGlobalSection
	GlobalSection(SolutionProperties) = preSolution
		HideSolutionNode = FALSE
	EndGlobalSection
	GlobalSection(ExtensibilityGlobals) = postSolution
		SolutionGuid = {6C0A29F8-9AB4-4200-8994-1D9155717D39}
	EndGlobalSection
EndGlobal
